
Microsoft Visual Studio Solution File, Format Version 12.00
# Visual Studio Version 17
VisualStudioVersion = 17.3.32819.101
MinimumVisualStudioVersion = 10.0.40219.1
Project("{9A19103F-16F7-4668-BE54-9A1E7A4F7556}") = "HahnCargoSim", "HahnCargoSim\HahnCargoSim.csproj", "{19666664-B814-425E-BE37-BF078542DFD4}"
EndProject
Global
	GlobalSection(SolutionConfigurationPlatforms) = preSolution
		Debug|Any CPU = Debug|Any CPU
		Release|Any CPU = Release|Any CPU
	EndGlobalSection
	GlobalSection(ProjectConfigurationPlatforms) = postSolution
		{19666664-B814-425E-BE37-BF078542DFD4}.Debug|Any CPU.ActiveCfg = Debug|Any CPU
		{19666664-B814-425E-BE37-BF078542DFD4}.Debug|Any CPU.Build.0 = Debug|Any CPU
		{19666664-B814-425E-BE37-BF078542DFD4}.Release|Any CPU.ActiveCfg = Release|Any CPU
		{19666664-B814-425E-BE37-BF078542DFD4}.Release|Any CPU.Build.0 = Release|Any CPU
	EndGlobalSection
	GlobalSection(SolutionProperties) = preSolution
		HideSolutionNode = FALSE
	EndGlobalSection
	GlobalSection(ExtensibilityGlobals) = postSolution
		SolutionGuid = {B531C72F-BD7E-4182-9C56-71ED4373DB80}
	EndGlobalSection
EndGlobal
